<?xml version="1.0" encoding="UTF-8" standalone="yes" ?>
<CodeBlocks_project_file>
	<FileVersion major="1" minor="6" />
	<Project>
		<Option title="test_projetc++" />
		<Option pch_mode="2" />
		<Option compiler="gcc" />
		<Build>
			<Target title="Debug">
				<Option output="bin/Debug/test_projetc++" prefix_auto="1" extension_auto="1" />
				<Option object_output="obj/Debug/" />
				<Option type="1" />
				<Option compiler="gcc" />
				<Compiler>
					<Add option="-g" />
				</Compiler>
			</Target>
			<Target title="Release">
				<Option output="bin/Release/test_projetc++" prefix_auto="1" extension_auto="1" />
				<Option object_output="obj/Release/" />
				<Option type="1" />
				<Option compiler="gcc" />
				<Compiler>
					<Add option="-O2" />
				</Compiler>
				<Linker>
					<Add option="-s" />
				</Linker>
			</Target>
		</Build>
		<Compiler>
			<Add option="-Wall" />
			<Add option="-fexceptions" />
		</Compiler>
		<Unit filename="../class/Salles/Makefile" />
		<Unit filename="../class/Salles/Obstacles.cpp" />
		<Unit filename="../class/Salles/Obstacles.hpp" />
		<Unit filename="../class/Salles/Salles.cpp" />
		<Unit filename="../class/Salles/Salles.hpp" />
		<Unit filename="../class/Salles/jeu" />
		<Unit filename="../class/Salles/main.cpp" />
		<Unit filename="../class/point.cpp" />
		<Unit filename="../class/point.hpp" />
		<Unit filename="../class/rectangle.cpp" />
		<Unit filename="../class/rectangle.hpp" />
		<Extensions />
	</Project>
</CodeBlocks_project_file>
